
Microsoft Visual Studio Solution File, Format Version 12.00
# Visual Studio 15
VisualStudioVersion = 15.0.27703.2042
MinimumVisualStudioVersion = 10.0.40219.1
Project("{2150E333-8FDC-42A3-9474-1A3956D46DE8}") = "src", "src", "{10B205D8-B8CA-446B-B534-8C7E4257258B}"
EndProject
Project("{2150E333-8FDC-42A3-9474-1A3956D46DE8}") = "services", "services", "{10C27974-CC23-4476-B076-64CD76B1E45C}"
EndProject
Project("{2150E333-8FDC-42A3-9474-1A3956D46DE8}") = "gateway", "gateway", "{9F282974-ED05-4BDE-B43F-CFFEDE908C35}"
EndProject
Project("{9A19103F-16F7-4668-BE54-9A1E7A4F7556}") = "Ocelot.API", "gateway\ocelot\Ocelot.API\Ocelot.API.csproj", "{64F09252-CAFC-481F-A50C-42EB3F767576}"
EndProject
Project("{2150E333-8FDC-42A3-9474-1A3956D46DE8}") = "ocelot", "ocelot", "{F21DF328-7CDD-49EF-8F0D-9B3C1EAF568C}"
EndProject
Project("{2150E333-8FDC-42A3-9474-1A3956D46DE8}") = "serverless", "serverless", "{EB241CDE-DA87-42C1-85BF-060E0080E103}"
EndProject
Project("{2150E333-8FDC-42A3-9474-1A3956D46DE8}") = "iot", "iot", "{8ABE70D0-4BCB-43F5-8A92-2178AFB03ABC}"
EndProject
Project("{9A19103F-16F7-4668-BE54-9A1E7A4F7556}") = "IoT.Function.Trigger", "serverless\iot\IoT.Function.Trigger\IoT.Function.Trigger.csproj", "{24C4CBB4-2759-42B1-B264-E8B9CE8AA0B0}"
EndProject
Project("{2150E333-8FDC-42A3-9474-1A3956D46DE8}") = "telemetry", "telemetry", "{8A04C244-989E-44DB-A91F-321234BDE4DD}"
EndProject
Project("{9A19103F-16F7-4668-BE54-9A1E7A4F7556}") = "Telemetry.API", "services\telemetry\Telemetry.API\Telemetry.API.csproj", "{C7ACE015-F5AF-4127-8993-EF022C0F4DC2}"
EndProject
Project("{2150E333-8FDC-42A3-9474-1A3956D46DE8}") = "read", "read", "{047DD29D-B944-48ED-97A1-4732814A83FB}"
EndProject
Project("{9A19103F-16F7-4668-BE54-9A1E7A4F7556}") = "Read.API", "services\read\Read.API\Read.API.csproj", "{FF44FE2E-8992-4E79-BF49-77C4C538959C}"
EndProject
Project("{2150E333-8FDC-42A3-9474-1A3956D46DE8}") = "security", "security", "{46BA6375-AD41-4182-9506-B31EEE7B53E7}"
EndProject
Project("{2150E333-8FDC-42A3-9474-1A3956D46DE8}") = "sso", "sso", "{8A6FB908-54BF-4DFB-8486-4F073610278D}"
EndProject
Project("{9A19103F-16F7-4668-BE54-9A1E7A4F7556}") = "SSO.API", "security\sso\SSO.API\SSO.API.csproj", "{52AEB1C5-B4EF-4E72-AA0E-A45FBBC8150C}"
EndProject
Project("{E53339B2-1760-4266-BCC7-CA923CBCF16C}") = "docker-compose", "docker-compose.dcproj", "{FD4AB53E-8423-4524-BCDB-A54F907B1161}"
EndProject
Project("{2150E333-8FDC-42A3-9474-1A3956D46DE8}") = "asset", "asset", "{526D0A3E-626F-4723-A14E-E80AA4BC7318}"
EndProject
Project("{FAE04EC0-301F-11D3-BF4B-00C04F79EFBC}") = "Asset.API", "services\asset\Asset.API\Asset.API.csproj", "{1654C16C-2C27-424A-AC0A-ACC48990504D}"
EndProject
Global
	GlobalSection(SolutionConfigurationPlatforms) = preSolution
		Debug|Any CPU = Debug|Any CPU
		Release|Any CPU = Release|Any CPU
	EndGlobalSection
	GlobalSection(ProjectConfigurationPlatforms) = postSolution
		{64F09252-CAFC-481F-A50C-42EB3F767576}.Debug|Any CPU.ActiveCfg = Debug|Any CPU
		{64F09252-CAFC-481F-A50C-42EB3F767576}.Debug|Any CPU.Build.0 = Debug|Any CPU
		{64F09252-CAFC-481F-A50C-42EB3F767576}.Release|Any CPU.ActiveCfg = Release|Any CPU
		{64F09252-CAFC-481F-A50C-42EB3F767576}.Release|Any CPU.Build.0 = Release|Any CPU
		{24C4CBB4-2759-42B1-B264-E8B9CE8AA0B0}.Debug|Any CPU.ActiveCfg = Debug|Any CPU
		{24C4CBB4-2759-42B1-B264-E8B9CE8AA0B0}.Debug|Any CPU.Build.0 = Debug|Any CPU
		{24C4CBB4-2759-42B1-B264-E8B9CE8AA0B0}.Release|Any CPU.ActiveCfg = Release|Any CPU
		{24C4CBB4-2759-42B1-B264-E8B9CE8AA0B0}.Release|Any CPU.Build.0 = Release|Any CPU
		{C7ACE015-F5AF-4127-8993-EF022C0F4DC2}.Debug|Any CPU.ActiveCfg = Debug|Any CPU
		{C7ACE015-F5AF-4127-8993-EF022C0F4DC2}.Debug|Any CPU.Build.0 = Debug|Any CPU
		{C7ACE015-F5AF-4127-8993-EF022C0F4DC2}.Release|Any CPU.ActiveCfg = Release|Any CPU
		{C7ACE015-F5AF-4127-8993-EF022C0F4DC2}.Release|Any CPU.Build.0 = Release|Any CPU
		{FF44FE2E-8992-4E79-BF49-77C4C538959C}.Debug|Any CPU.ActiveCfg = Debug|Any CPU
		{FF44FE2E-8992-4E79-BF49-77C4C538959C}.Debug|Any CPU.Build.0 = Debug|Any CPU
		{FF44FE2E-8992-4E79-BF49-77C4C538959C}.Release|Any CPU.ActiveCfg = Release|Any CPU
		{FF44FE2E-8992-4E79-BF49-77C4C538959C}.Release|Any CPU.Build.0 = Release|Any CPU
		{52AEB1C5-B4EF-4E72-AA0E-A45FBBC8150C}.Debug|Any CPU.ActiveCfg = Debug|Any CPU
		{52AEB1C5-B4EF-4E72-AA0E-A45FBBC8150C}.Debug|Any CPU.Build.0 = Debug|Any CPU
		{52AEB1C5-B4EF-4E72-AA0E-A45FBBC8150C}.Release|Any CPU.ActiveCfg = Release|Any CPU
		{52AEB1C5-B4EF-4E72-AA0E-A45FBBC8150C}.Release|Any CPU.Build.0 = Release|Any CPU
		{FD4AB53E-8423-4524-BCDB-A54F907B1161}.Debug|Any CPU.ActiveCfg = Debug|Any CPU
		{FD4AB53E-8423-4524-BCDB-A54F907B1161}.Debug|Any CPU.Build.0 = Debug|Any CPU
		{FD4AB53E-8423-4524-BCDB-A54F907B1161}.Release|Any CPU.ActiveCfg = Release|Any CPU
		{FD4AB53E-8423-4524-BCDB-A54F907B1161}.Release|Any CPU.Build.0 = Release|Any CPU
		{1654C16C-2C27-424A-AC0A-ACC48990504D}.Debug|Any CPU.ActiveCfg = Debug|Any CPU
		{1654C16C-2C27-424A-AC0A-ACC48990504D}.Debug|Any CPU.Build.0 = Debug|Any CPU
		{1654C16C-2C27-424A-AC0A-ACC48990504D}.Release|Any CPU.ActiveCfg = Release|Any CPU
		{1654C16C-2C27-424A-AC0A-ACC48990504D}.Release|Any CPU.Build.0 = Release|Any CPU
	EndGlobalSection
	GlobalSection(SolutionProperties) = preSolution
		HideSolutionNode = FALSE
	EndGlobalSection
	GlobalSection(NestedProjects) = preSolution
		{10C27974-CC23-4476-B076-64CD76B1E45C} = {10B205D8-B8CA-446B-B534-8C7E4257258B}
		{9F282974-ED05-4BDE-B43F-CFFEDE908C35} = {10B205D8-B8CA-446B-B534-8C7E4257258B}
		{64F09252-CAFC-481F-A50C-42EB3F767576} = {F21DF328-7CDD-49EF-8F0D-9B3C1EAF568C}
		{F21DF328-7CDD-49EF-8F0D-9B3C1EAF568C} = {9F282974-ED05-4BDE-B43F-CFFEDE908C35}
		{EB241CDE-DA87-42C1-85BF-060E0080E103} = {10B205D8-B8CA-446B-B534-8C7E4257258B}
		{8ABE70D0-4BCB-43F5-8A92-2178AFB03ABC} = {EB241CDE-DA87-42C1-85BF-060E0080E103}
		{24C4CBB4-2759-42B1-B264-E8B9CE8AA0B0} = {8ABE70D0-4BCB-43F5-8A92-2178AFB03ABC}
		{8A04C244-989E-44DB-A91F-321234BDE4DD} = {10C27974-CC23-4476-B076-64CD76B1E45C}
		{C7ACE015-F5AF-4127-8993-EF022C0F4DC2} = {8A04C244-989E-44DB-A91F-321234BDE4DD}
		{047DD29D-B944-48ED-97A1-4732814A83FB} = {10C27974-CC23-4476-B076-64CD76B1E45C}
		{FF44FE2E-8992-4E79-BF49-77C4C538959C} = {047DD29D-B944-48ED-97A1-4732814A83FB}
		{46BA6375-AD41-4182-9506-B31EEE7B53E7} = {10B205D8-B8CA-446B-B534-8C7E4257258B}
		{8A6FB908-54BF-4DFB-8486-4F073610278D} = {46BA6375-AD41-4182-9506-B31EEE7B53E7}
		{52AEB1C5-B4EF-4E72-AA0E-A45FBBC8150C} = {8A6FB908-54BF-4DFB-8486-4F073610278D}
		{526D0A3E-626F-4723-A14E-E80AA4BC7318} = {10C27974-CC23-4476-B076-64CD76B1E45C}
		{1654C16C-2C27-424A-AC0A-ACC48990504D} = {526D0A3E-626F-4723-A14E-E80AA4BC7318}
	EndGlobalSection
	GlobalSection(ExtensibilityGlobals) = postSolution
		SolutionGuid = {1B7F3BFE-4464-4FED-BCA6-227EF78911F8}
	EndGlobalSection
EndGlobal
